{
  "name": "@cmgl/freethm",
  "version": "0.0.0",
  "lockfileVersion": 1,
  "requires": true,
  "dependencies": {
    "@babel/helper-validator-identifier": {
      "version": "7.12.11",
      "resolved": "https://registry.npmjs.org/@babel/helper-validator-identifier/-/helper-validator-identifier-7.12.11.tgz",
      "integrity": "sha512-np/lG3uARFybkoHokJUmf1QfEvRVCPbmQeUQpKow5cQ3xWrV9i3rUHodKDJPQfTVX61qKi+UdYk8kik84n7XOw=="
    },
    "@babel/parser": {
      "version": "7.13.9",
      "resolved": "https://registry.npmjs.org/@babel/parser/-/parser-7.13.9.tgz",
      "integrity": "sha512-nEUfRiARCcaVo3ny3ZQjURjHQZUo/JkEw7rLlSZy/psWGnvwXFtPcr6jb7Yb41DVW5LTe6KRq9LGleRNsg1Frw=="
    },
    "@babel/types": {
      "version": "7.13.0",
      "resolved": "https://registry.npmjs.org/@babel/types/-/types-7.13.0.tgz",
      "integrity": "sha512-hE+HE8rnG1Z6Wzo+MhaKE5lM5eMx71T4EHJgku2E3xIfaULhDcxiiRxUYgwX8qwP1BBSlag+TdGOt6JAidIZTA==",
      "requires": {
        "@babel/helper-validator-identifier": "^7.12.11",
        "lodash": "^4.17.19",
        "to-fast-properties": "^2.0.0"
      }
    },
    "@cmgl/button": {
      "version": "1.0.4",
      "resolved": "https://registry.npmjs.org/@cmgl/button/-/button-1.0.4.tgz",
      "integrity": "sha512-cFsFK79IKebXV90miWlq067S2LKwRqsN/0VX1Fwg9FZc6d0un6B4OdespyuMv6dxxFkkKAUCzOlM+gIiTofm1A==",
      "requires": {
        "@cmgl/graphics": "^1.0.4",
        "@cmgl/tween": "^1.0.4",
        "pixi.js": "^5.3.8",
        "vue": "^3.0.6"
      }
    },
    "@cmgl/graphics": {
      "version": "1.0.4",
      "resolved": "https://registry.npmjs.org/@cmgl/graphics/-/graphics-1.0.4.tgz",
      "integrity": "sha512-ysocSsyyzOlVV4jowqtfJDYgD41Grgo6Gy1u5N/URmp2jA/7jBrwP/jHQYl/+xJe8t5J1nhoHr0do1eKBX9Gaw==",
      "requires": {
        "pixi.js": "^5.3.8",
        "vue": "^3.0.6"
      }
    },
    "@cmgl/pixi-gesture": {
      "version": "1.0.4",
      "resolved": "https://registry.npmjs.org/@cmgl/pixi-gesture/-/pixi-gesture-1.0.4.tgz",
      "integrity": "sha512-wyb8zzdB4vxV20zTw2iXG9rcJux3XPkBKqs0SqXyjeK36GvUigblqOKqPQo4zyLuNcSsQc/6Z4pT+2zqHkUVPQ==",
      "requires": {
        "pixi.js": "^5.3.8"
      }
    },
    "@cmgl/pixi-projection2d": {
      "version": "1.0.4",
      "resolved": "https://registry.npmjs.org/@cmgl/pixi-projection2d/-/pixi-projection2d-1.0.4.tgz",
      "integrity": "sha512-l/O6/XvlyGjmtSIaPzo/v1H4tBqu902vHVztlSwxwqwAcnwWYj/7m5ehnmaCdoPUIghxw02dGHXt1sdUGD4VVA==",
      "requires": {
        "pixi.js": "^5.3.8"
      }
    },
    "@cmgl/progressbar": {
      "version": "1.0.4",
      "resolved": "https://registry.npmjs.org/@cmgl/progressbar/-/progressbar-1.0.4.tgz",
      "integrity": "sha512-pa4gpe+2K8zFWEdyfK4o2HedbVthJQD9gFidg1BlqUpxEDHizuMUCpqMTQmVrge8scjKzXJIYuGkf9kh4GxeIg==",
      "requires": {
        "@cmgl/graphics": "^1.0.4",
        "pixi.js": "^5.3.8",
        "vue": "^3.0.6"
      }
    },
    "@cmgl/tween": {
      "version": "1.0.4",
      "resolved": "https://registry.npmjs.org/@cmgl/tween/-/tween-1.0.4.tgz",
      "integrity": "sha512-TuL/xpnyXh/44ZsFkhyNF9ayLcq6jHCPVR6Np/E6XCuBpVcnPfqs/6TSj6I/RQhWm6o+aFDHIu7Pv4DjfNnYGQ==",
      "requires": {
        "gsap": "^3.6.0"
      }
    },
    "@cmgl/vue-pixi": {
      "version": "1.0.4",
      "resolved": "https://registry.npmjs.org/@cmgl/vue-pixi/-/vue-pixi-1.0.4.tgz",
      "integrity": "sha512-iWPtcPC0pCsHA1w6FWPrahNqoiC5IUY8nyD3NR2C/iq6VbwO9gipBSJoNTYw7KMAR9JTHg+h+O7t/vuPPh5REA==",
      "requires": {
        "@cmgl/button": "^1.0.4",
        "@cmgl/graphics": "^1.0.4",
        "@cmgl/progressbar": "^1.0.4",
        "@cmgl/tween": "^1.0.4",
        "@cmgl/vue-pixi-core": "^1.0.4"
      }
    },
    "@cmgl/vue-pixi-core": {
      "version": "1.0.4",
      "resolved": "https://registry.npmjs.org/@cmgl/vue-pixi-core/-/vue-pixi-core-1.0.4.tgz",
      "integrity": "sha512-EYMrvPnaECwDe9oi0xe30/+K/e7F/e6Y5D4p2f67z0DYQYh4dkTSrnX1otuG7gsLxq7Vk9afo/ba4GhlU5Ynzg==",
      "requires": {
        "@cmgl/pixi-gesture": "^1.0.4",
        "@cmgl/pixi-projection2d": "^1.0.4",
        "@cmjs/utils-event": "^1.0.1",
        "@cmjs/utils-validator": "^1.0.1",
        "pixi.js": "^5.3.8",
        "vue": "^3.0.6"
      }
    },
    "@cmjs/utils": {
      "version": "1.0.3",
      "resolved": "https://registry.npmjs.org/@cmjs/utils/-/utils-1.0.3.tgz",
      "integrity": "sha512-LS2PUg3oEWAaVpXhwYeGcilybzl1SYhQRFqqXxWQNMYx/z7Xw2qX5KHL8Y3Y9FzlicluXp+CywypzUkB0UEvnw==",
      "requires": {
        "@cmjs/utils-event": "^1.0.1",
        "@cmjs/utils-validator": "^1.0.3"
      }
    },
    "@cmjs/utils-event": {
      "version": "1.0.1",
      "resolved": "https://registry.npmjs.org/@cmjs/utils-event/-/utils-event-1.0.1.tgz",
      "integrity": "sha512-IPRp71lm2/pENUCaNURON/1GWZ1TLhM2kmxLUoVOzvZ8vpUi8LTBY4wJ6XBDEX2P6quSKAK80eUDdHrtz9zZ8g=="
    },
    "@cmjs/utils-validator": {
      "version": "1.0.3",
      "resolved": "https://registry.npmjs.org/@cmjs/utils-validator/-/utils-validator-1.0.3.tgz",
      "integrity": "sha512-T4DoKT4QL4KHYqfJ9VVJiEQDsSkoKXc72rgiPqbWyzghgE/JL84byX0K3vrM13GDbSE6FSUq+u26CW6klGvnbQ=="
    },
    "@pixi/accessibility": {
      "version": "5.3.8",
      "resolved": "https://registry.npmjs.org/@pixi/accessibility/-/accessibility-5.3.8.tgz",
      "integrity": "sha512-DBkUUPIDfaw1hXFLTOsmZ401JSyu286rS2UB79ClxvVtDfGI7pR+Hgq1PuNeoQSiO9Db32W4grvuxYTulO2jkQ==",
      "requires": {
        "@pixi/core": "5.3.8",
        "@pixi/display": "5.3.8",
        "@pixi/utils": "5.3.8"
      }
    },
    "@pixi/app": {
      "version": "5.3.8",
      "resolved": "https://registry.npmjs.org/@pixi/app/-/app-5.3.8.tgz",
      "integrity": "sha512-eekP/tIPlERZOiWOCVKgOCc66JoAHDP7yT9DBw2LtCKswvP83iwN0PX5YR/u6Z05kUW5y8t4bigfLqEqc4uChw==",
      "requires": {
        "@pixi/core": "5.3.8",
        "@pixi/display": "5.3.8"
      }
    },
    "@pixi/constants": {
      "version": "5.3.8",
      "resolved": "https://registry.npmjs.org/@pixi/constants/-/constants-5.3.8.tgz",
      "integrity": "sha512-vTkgBgiox2pLj2ZK/X37O6rFjsLic6CYa+rSCCMo8lCwipG/dgizYoAVIsmZy30tFgg1xYzI6qOw3MSVXupp8Q=="
    },
    "@pixi/core": {
      "version": "5.3.8",
      "resolved": "https://registry.npmjs.org/@pixi/core/-/core-5.3.8.tgz",
      "integrity": "sha512-mbl7//UbNaIZJbS8R8g5o6cHAMW7xaJWW/dNazSJ9057Fpq5g3e3E2rreNTEILfC29cxm2sXDmgK5a9agoqJaA==",
      "requires": {
        "@pixi/constants": "5.3.8",
        "@pixi/math": "5.3.8",
        "@pixi/runner": "5.3.8",
        "@pixi/settings": "5.3.8",
        "@pixi/ticker": "5.3.8",
        "@pixi/utils": "5.3.8"
      }
    },
    "@pixi/display": {
      "version": "5.3.8",
      "resolved": "https://registry.npmjs.org/@pixi/display/-/display-5.3.8.tgz",
      "integrity": "sha512-ch7g63ox3iow/NEGbrArLfUMJVLVF+FpdFAp72uEweIzlcyzOQV6AcQTHtiRy4+tM6LdlcLSJXJISqGKt2R0Dg==",
      "requires": {
        "@pixi/math": "5.3.8",
        "@pixi/settings": "5.3.8",
        "@pixi/utils": "5.3.8"
      }
    },
    "@pixi/extract": {
      "version": "5.3.8",
      "resolved": "https://registry.npmjs.org/@pixi/extract/-/extract-5.3.8.tgz",
      "integrity": "sha512-z09D+5qmGQilbBXhR3xlZCixkTb6+1bSo6jGsbQxpu3xaF0ogh1HB76SJ2Wi1vwba9Q/PMb6RlawdEAg+sRFMg==",
      "requires": {
        "@pixi/core": "5.3.8",
        "@pixi/math": "5.3.8",
        "@pixi/utils": "5.3.8"
      }
    },
    "@pixi/filter-alpha": {
      "version": "5.3.8",
      "resolved": "https://registry.npmjs.org/@pixi/filter-alpha/-/filter-alpha-5.3.8.tgz",
      "integrity": "sha512-4vOmuWDLBiMbdQ2S3PmxzrzpPOrlzZVZ8iPEkQrBCYZ4dIuZY7NaV+9tneIK66dDfVI6OA8Ai304LH22nhC81Q==",
      "requires": {
        "@pixi/core": "5.3.8"
      }
    },
    "@pixi/filter-blur": {
      "version": "5.3.8",
      "resolved": "https://registry.npmjs.org/@pixi/filter-blur/-/filter-blur-5.3.8.tgz",
      "integrity": "sha512-biNqbfFIDbvOJJ+NiE9G0XojnuMQqtbcaDIiOScRoY3o3yCMjjcUxUMYrZ4xnTGGtEH23OKGUTZVf53qTQ4wiw==",
      "requires": {
        "@pixi/core": "5.3.8",
        "@pixi/settings": "5.3.8"
      }
    },
    "@pixi/filter-color-matrix": {
      "version": "5.3.8",
      "resolved": "https://registry.npmjs.org/@pixi/filter-color-matrix/-/filter-color-matrix-5.3.8.tgz",
      "integrity": "sha512-0Ag08uPKVoHWQSAIhS27Bs/b50NVMZ+3fUdNg9jgyrRthD/Uc2ljfkIJRa95Mj31YJBS15Giu4BGfefpe1i3zw==",
      "requires": {
        "@pixi/core": "5.3.8"
      }
    },
    "@pixi/filter-displacement": {
      "version": "5.3.8",
      "resolved": "https://registry.npmjs.org/@pixi/filter-displacement/-/filter-displacement-5.3.8.tgz",
      "integrity": "sha512-OQYBK3oOId8VZV7KRYYdt196EYsG0cjAmQQT7P3/IETLIP6Mba+Bd/GtyxGEIBHcb7R5DebuvN4sVQtNgkRKlw==",
      "requires": {
        "@pixi/core": "5.3.8",
        "@pixi/math": "5.3.8"
      }
    },
    "@pixi/filter-fxaa": {
      "version": "5.3.8",
      "resolved": "https://registry.npmjs.org/@pixi/filter-fxaa/-/filter-fxaa-5.3.8.tgz",
      "integrity": "sha512-eOfrp46AEjkAM1U+6k9Ga/5ezEwr1+7yGS3VijZBHntZTYKFhmGGOXrQxxL4KuslrfTV/smAflEr22U+A2H98A==",
      "requires": {
        "@pixi/core": "5.3.8"
      }
    },
    "@pixi/filter-noise": {
      "version": "5.3.8",
      "resolved": "https://registry.npmjs.org/@pixi/filter-noise/-/filter-noise-5.3.8.tgz",
      "integrity": "sha512-+MOz3GpB9XpH7d0B/HAz8zOp164UMKnE64Q9QI094X4KjXWj24RKZea8xFcOaOy9xKi57qqyo+3pLwqFB8ffsw==",
      "requires": {
        "@pixi/core": "5.3.8"
      }
    },
    "@pixi/graphics": {
      "version": "5.3.8",
      "resolved": "https://registry.npmjs.org/@pixi/graphics/-/graphics-5.3.8.tgz",
      "integrity": "sha512-auqwS6ZnDlNoerddLCoMpEzgq0o09WHH7XxwfTK75hJwBaFX1RO/nasfvCx2wAtWZxAYCaABfR8WnWZfrsBSqA==",
      "requires": {
        "@pixi/constants": "5.3.8",
        "@pixi/core": "5.3.8",
        "@pixi/display": "5.3.8",
        "@pixi/math": "5.3.8",
        "@pixi/sprite": "5.3.8",
        "@pixi/utils": "5.3.8"
      }
    },
    "@pixi/interaction": {
      "version": "5.3.8",
      "resolved": "https://registry.npmjs.org/@pixi/interaction/-/interaction-5.3.8.tgz",
      "integrity": "sha512-i9KS9TNVK/PEwyjZH2iqui9xroy0R48u/QL4Q8+VQpwbeDlz+WlPWoW5R7rpUwtHd9H6mLWpGR3sdWOmS7fMsA==",
      "requires": {
        "@pixi/core": "5.3.8",
        "@pixi/display": "5.3.8",
        "@pixi/math": "5.3.8",
        "@pixi/ticker": "5.3.8",
        "@pixi/utils": "5.3.8"
      }
    },
    "@pixi/loaders": {
      "version": "5.3.8",
      "resolved": "https://registry.npmjs.org/@pixi/loaders/-/loaders-5.3.8.tgz",
      "integrity": "sha512-0M2e/gkBBqJW695wz9DcsYN7IY992FKqb9uOEhFFjCn2bkK9WsR6M/JBvTlTk4LOvEg81b1/J51bkucpXWx1Cg==",
      "requires": {
        "@pixi/core": "5.3.8",
        "@pixi/utils": "5.3.8",
        "resource-loader": "^3.0.1"
      }
    },
    "@pixi/math": {
      "version": "5.3.8",
      "resolved": "https://registry.npmjs.org/@pixi/math/-/math-5.3.8.tgz",
      "integrity": "sha512-MZekzC9W391KU2NyzbRHrgYfjPKguzU5cRLbaEw9dgDabLh3/Yzob1KVg8dngIITPbi5yBmoX7zh7ZHEA1NRPQ=="
    },
    "@pixi/mesh": {
      "version": "5.3.8",
      "resolved": "https://registry.npmjs.org/@pixi/mesh/-/mesh-5.3.8.tgz",
      "integrity": "sha512-/CQdTypiLgSZqKx9z89cJlLQ8/FaUrc8M3HjmL8Vy5F320ERCR1YLDc6gOzyohK71wDxkUud5VbNz5woQVSBxw==",
      "requires": {
        "@pixi/constants": "5.3.8",
        "@pixi/core": "5.3.8",
        "@pixi/display": "5.3.8",
        "@pixi/math": "5.3.8",
        "@pixi/settings": "5.3.8",
        "@pixi/utils": "5.3.8"
      }
    },
    "@pixi/mesh-extras": {
      "version": "5.3.8",
      "resolved": "https://registry.npmjs.org/@pixi/mesh-extras/-/mesh-extras-5.3.8.tgz",
      "integrity": "sha512-+lHcmvslKsmlixiJW87/t5diRy7p+tvqQbXMG4/3Vzv3dBEGq453hMIknlLr2xLGyzBtboCHObzwKfeE4tvHTw==",
      "requires": {
        "@pixi/constants": "5.3.8",
        "@pixi/core": "5.3.8",
        "@pixi/math": "5.3.8",
        "@pixi/mesh": "5.3.8",
        "@pixi/utils": "5.3.8"
      }
    },
    "@pixi/mixin-cache-as-bitmap": {
      "version": "5.3.8",
      "resolved": "https://registry.npmjs.org/@pixi/mixin-cache-as-bitmap/-/mixin-cache-as-bitmap-5.3.8.tgz",
      "integrity": "sha512-Y4z3yvMldRUU99I+FBOl+j+TCq7CXN2ysNED/vMD2YpfilS2/8dQcAqRNEOBXCdSixd6+QHBuc0+PWR6M7irKg==",
      "requires": {
        "@pixi/core": "5.3.8",
        "@pixi/display": "5.3.8",
        "@pixi/math": "5.3.8",
        "@pixi/settings": "5.3.8",
        "@pixi/sprite": "5.3.8",
        "@pixi/utils": "5.3.8"
      }
    },
    "@pixi/mixin-get-child-by-name": {
      "version": "5.3.8",
      "resolved": "https://registry.npmjs.org/@pixi/mixin-get-child-by-name/-/mixin-get-child-by-name-5.3.8.tgz",
      "integrity": "sha512-6Z4C2SucwC1w2xa260VxU+uIkP8FhwnZWDfY0rxyxecWxvkM7ULsIU9szoUYUJvLJnpxRi4Xb6rXNPxXyzis9Q==",
      "requires": {
        "@pixi/display": "5.3.8"
      }
    },
    "@pixi/mixin-get-global-position": {
      "version": "5.3.8",
      "resolved": "https://registry.npmjs.org/@pixi/mixin-get-global-position/-/mixin-get-global-position-5.3.8.tgz",
      "integrity": "sha512-o2ZKmTxDvoibGBZ8LP3qJZ3cHe7L447qsuHPPLYOPmA5hqG49YchwmKMwV6tn96C8yDECaVn429Hu5hZEI7UlA==",
      "requires": {
        "@pixi/display": "5.3.8",
        "@pixi/math": "5.3.8"
      }
    },
    "@pixi/particles": {
      "version": "5.3.8",
      "resolved": "https://registry.npmjs.org/@pixi/particles/-/particles-5.3.8.tgz",
      "integrity": "sha512-XAehJJ9SsLwlZF1Qkkir0ejPZ0YgCg8MbxzmrxBUbhH1NyHJLFm+K2S7Bp12FdR/hZwTENF7GMGVRH+o86u3hw==",
      "requires": {
        "@pixi/constants": "5.3.8",
        "@pixi/core": "5.3.8",
        "@pixi/display": "5.3.8",
        "@pixi/math": "5.3.8",
        "@pixi/utils": "5.3.8"
      }
    },
    "@pixi/polyfill": {
      "version": "5.3.8",
      "resolved": "https://registry.npmjs.org/@pixi/polyfill/-/polyfill-5.3.8.tgz",
      "integrity": "sha512-AIXfAjYD7dfP2C+TX3482YterwGE876amqmk6EzMZCI3vvsvDJUGT/Dx6lSOU5zbcUbJ9t3Ybz81xQYpaEhv/Q==",
      "requires": {
        "es6-promise-polyfill": "^1.2.0",
        "object-assign": "^4.1.1"
      }
    },
    "@pixi/prepare": {
      "version": "5.3.8",
      "resolved": "https://registry.npmjs.org/@pixi/prepare/-/prepare-5.3.8.tgz",
      "integrity": "sha512-DbYxQdziypsdQJaRKwdmODkIy2mQHETEFlVWou0XwVy+WB8VBlSnHZ57cVEY8l6Z0hJ93Vo4K6j5qIRi9MRjJA==",
      "requires": {
        "@pixi/core": "5.3.8",
        "@pixi/display": "5.3.8",
        "@pixi/graphics": "5.3.8",
        "@pixi/settings": "5.3.8",
        "@pixi/text": "5.3.8",
        "@pixi/ticker": "5.3.8"
      }
    },
    "@pixi/runner": {
      "version": "5.3.8",
      "resolved": "https://registry.npmjs.org/@pixi/runner/-/runner-5.3.8.tgz",
      "integrity": "sha512-6Y9v9OHd5FFv6s0M4AGHnG3qvLiTBM5T5RnlEqMNMsqH6CWSDq0mNJA5HQD65q5ViK8HM6MYPm2nwwkYq5AICQ=="
    },
    "@pixi/settings": {
      "version": "5.3.8",
      "resolved": "https://registry.npmjs.org/@pixi/settings/-/settings-5.3.8.tgz",
      "integrity": "sha512-/NSd9v6+IbG3GjzIoNwy7rgPg6kwwWy54pcaiM3Wv3zjkwhkVySK4m3h892Wa2z5lFvrHEH9zewGJwEpUH/FMA==",
      "requires": {
        "ismobilejs": "^1.1.0"
      }
    },
    "@pixi/sprite": {
      "version": "5.3.8",
      "resolved": "https://registry.npmjs.org/@pixi/sprite/-/sprite-5.3.8.tgz",
      "integrity": "sha512-r+WeX5cti3VKu6U+hZeSiY4UC8912FjNU7M5bA/gev9CfUKv3fNwKYshPfzOkTPua8dFwI1U6tplYu5rSPMBmw==",
      "requires": {
        "@pixi/constants": "5.3.8",
        "@pixi/core": "5.3.8",
        "@pixi/display": "5.3.8",
        "@pixi/math": "5.3.8",
        "@pixi/settings": "5.3.8",
        "@pixi/utils": "5.3.8"
      }
    },
    "@pixi/sprite-animated": {
      "version": "5.3.8",
      "resolved": "https://registry.npmjs.org/@pixi/sprite-animated/-/sprite-animated-5.3.8.tgz",
      "integrity": "sha512-zLnzmCJJ++Hyyy1LPh5Lt4icPuy8C+vL59yVj3nAYzqq/G26rFuHELexB0iwKBPE9yQYuaUQhFgOPgW4vFqLAw==",
      "requires": {
        "@pixi/core": "5.3.8",
        "@pixi/sprite": "5.3.8",
        "@pixi/ticker": "5.3.8"
      }
    },
    "@pixi/sprite-tiling": {
      "version": "5.3.8",
      "resolved": "https://registry.npmjs.org/@pixi/sprite-tiling/-/sprite-tiling-5.3.8.tgz",
      "integrity": "sha512-SvCAvajihsaNx/xX4s6waEqPLVkI5W86h31kpoqdPj3zXhoLbpZh6t2TWbcRJmgjM1GvBNy14gWtelBq8UF7Mg==",
      "requires": {
        "@pixi/constants": "5.3.8",
        "@pixi/core": "5.3.8",
        "@pixi/display": "5.3.8",
        "@pixi/math": "5.3.8",
        "@pixi/sprite": "5.3.8",
        "@pixi/utils": "5.3.8"
      }
    },
    "@pixi/spritesheet": {
      "version": "5.3.8",
      "resolved": "https://registry.npmjs.org/@pixi/spritesheet/-/spritesheet-5.3.8.tgz",
      "integrity": "sha512-KqTsW2LViI1UjZTycfI0x3m+yZqV8zfIm/CiDAmtujUPAu8sU78jzByc8ke7FaFC6waDsfAKTKu4fBqSu7aH1w==",
      "requires": {
        "@pixi/core": "5.3.8",
        "@pixi/loaders": "5.3.8",
        "@pixi/math": "5.3.8",
        "@pixi/utils": "5.3.8"
      }
    },
    "@pixi/text": {
      "version": "5.3.8",
      "resolved": "https://registry.npmjs.org/@pixi/text/-/text-5.3.8.tgz",
      "integrity": "sha512-qarv4kXSrtroJy5dbmF0Vld7L8teeQxsV5N1g1Fjhi4uUCb43ioR9euBHIjju33kOLDYYXXw6L78XIe/cW6nIw==",
      "requires": {
        "@pixi/core": "5.3.8",
        "@pixi/math": "5.3.8",
        "@pixi/settings": "5.3.8",
        "@pixi/sprite": "5.3.8",
        "@pixi/utils": "5.3.8"
      }
    },
    "@pixi/text-bitmap": {
      "version": "5.3.8",
      "resolved": "https://registry.npmjs.org/@pixi/text-bitmap/-/text-bitmap-5.3.8.tgz",
      "integrity": "sha512-jJVAc/y7Mo/DLw8n14A1AFmhQe8rw5d+vCg/1k4hw0Oru4l2QU/8AA940kPeuky4Sj0hMLf9UWAS6A3gOo5ZTA==",
      "requires": {
        "@pixi/core": "5.3.8",
        "@pixi/display": "5.3.8",
        "@pixi/loaders": "5.3.8",
        "@pixi/math": "5.3.8",
        "@pixi/mesh": "5.3.8",
        "@pixi/settings": "5.3.8",
        "@pixi/text": "5.3.8",
        "@pixi/utils": "5.3.8"
      }
    },
    "@pixi/ticker": {
      "version": "5.3.8",
      "resolved": "https://registry.npmjs.org/@pixi/ticker/-/ticker-5.3.8.tgz",
      "integrity": "sha512-WoVi8btR0X2/fXJgt/oRy2gm32ECnibqUkxl0MOcLuxg7cHDZKFA5PwNK/eIx5hZZ2xM/ztoPtEohWV6LqLryw==",
      "requires": {
        "@pixi/settings": "5.3.8"
      }
    },
    "@pixi/utils": {
      "version": "5.3.8",
      "resolved": "https://registry.npmjs.org/@pixi/utils/-/utils-5.3.8.tgz",
      "integrity": "sha512-LljIFFOFcXLyLzXqIYwcXUqz6NsAUbwxb7Som9Gm3i1usGIqPRX4R08Iaf4L6OKA7417gSrRmbYdT0Hje/0ikA==",
      "requires": {
        "@pixi/constants": "5.3.8",
        "@pixi/settings": "5.3.8",
        "earcut": "^2.1.5",
        "eventemitter3": "^3.1.0",
        "url": "^0.11.0"
      }
    },
    "@vitejs/plugin-vue": {
      "version": "1.1.5",
      "resolved": "https://registry.npmjs.org/@vitejs/plugin-vue/-/plugin-vue-1.1.5.tgz",
      "integrity": "sha512-4DV8VPYo8/OR1YsnK39QN16xhKENt2XvcmJxqfRtyz75kvbjBYh1zTSHLp7XsXqv4R2I+fOZlbEBvxosMYLcPA==",
      "dev": true
    },
    "@vue/compiler-core": {
      "version": "3.0.7",
      "resolved": "https://registry.npmjs.org/@vue/compiler-core/-/compiler-core-3.0.7.tgz",
      "integrity": "sha512-JFohgBXoyUc3mdeI2WxlhjQZ5fakfemJkZHX8Gu/nFbEg3+lKVUZmNKWmmnp9aOzJQZKoj77LjmFxiP+P+7lMQ==",
      "requires": {
        "@babel/parser": "^7.12.0",
        "@babel/types": "^7.12.0",
        "@vue/shared": "3.0.7",
        "estree-walker": "^2.0.1",
        "source-map": "^0.6.1"
      }
    },
    "@vue/compiler-dom": {
      "version": "3.0.7",
      "resolved": "https://registry.npmjs.org/@vue/compiler-dom/-/compiler-dom-3.0.7.tgz",
      "integrity": "sha512-VnIH9EbWQm/Tkcp+8dCaNVsVvhm/vxCrIKWRkXY9215hTqOqQOvejT8IMjd2kc++nIsYMsdQk6H9qqBvoLe/Cw==",
      "requires": {
        "@vue/compiler-core": "3.0.7",
        "@vue/shared": "3.0.7"
      }
    },
    "@vue/compiler-sfc": {
      "version": "3.0.7",
      "resolved": "https://registry.npmjs.org/@vue/compiler-sfc/-/compiler-sfc-3.0.7.tgz",
      "integrity": "sha512-37/QILpGE+J3V+bP9Slg9e6xGqfk+MmS2Yj8ChR4fS0/qWUU/YoYHE0GPIzjmBdH0JVOOmJqunxowIXmqNiHng==",
      "dev": true,
      "requires": {
        "@babel/parser": "^7.12.0",
        "@babel/types": "^7.12.0",
        "@vue/compiler-core": "3.0.7",
        "@vue/compiler-dom": "3.0.7",
        "@vue/compiler-ssr": "3.0.7",
        "@vue/shared": "3.0.7",
        "consolidate": "^0.16.0",
        "estree-walker": "^2.0.1",
        "hash-sum": "^2.0.0",
        "lru-cache": "^5.1.1",
        "magic-string": "^0.25.7",
        "merge-source-map": "^1.1.0",
        "postcss": "^8.1.10",
        "postcss-modules": "^4.0.0",
        "postcss-selector-parser": "^6.0.4",
        "source-map": "^0.6.1"
      }
    },
    "@vue/compiler-ssr": {
      "version": "3.0.7",
      "resolved": "https://registry.npmjs.org/@vue/compiler-ssr/-/compiler-ssr-3.0.7.tgz",
      "integrity": "sha512-nHRbHeSpfXwjypettjrA16TjgfDcPEwq3m/zHnGyLC1QqdLtklXmpSM43/CPwwTCRa/qdt0pldJf22MiCEuTSQ==",
      "dev": true,
      "requires": {
        "@vue/compiler-dom": "3.0.7",
        "@vue/shared": "3.0.7"
      }
    },
    "@vue/reactivity": {
      "version": "3.0.7",
      "resolved": "https://registry.npmjs.org/@vue/reactivity/-/reactivity-3.0.7.tgz",
      "integrity": "sha512-FotWcNNaKhqpFZrdgsUOZ1enlJ5lhTt01CNTtLSyK7jYFgZBTuw8vKsEutZKDYZ1XKotOfoeO8N3pZQqmM6Etw==",
      "requires": {
        "@vue/shared": "3.0.7"
      }
    },
    "@vue/runtime-core": {
      "version": "3.0.7",
      "resolved": "https://registry.npmjs.org/@vue/runtime-core/-/runtime-core-3.0.7.tgz",
      "integrity": "sha512-DBAZAwVvdmMXuyd6/9qqj/kYr/GaLTmn1L2/QLxLwP+UfhIboiTSBc/tUUb8MRk7Bb98GzNeAWkkT6AfooS3dQ==",
      "requires": {
        "@vue/reactivity": "3.0.7",
        "@vue/shared": "3.0.7"
      }
    },
    "@vue/runtime-dom": {
      "version": "3.0.7",
      "resolved": "https://registry.npmjs.org/@vue/runtime-dom/-/runtime-dom-3.0.7.tgz",
      "integrity": "sha512-Oij4ruOtnpQpCj+/Q3JPzgpTJ1Q7+N67pA53A8KVITEtxfvKL46NN6dhAZ5NGqwX6RWZpYqWQNewITeF0pHr8g==",
      "requires": {
        "@vue/runtime-core": "3.0.7",
        "@vue/shared": "3.0.7",
        "csstype": "^2.6.8"
      }
    },
    "@vue/shared": {
      "version": "3.0.7",
      "resolved": "https://registry.npmjs.org/@vue/shared/-/shared-3.0.7.tgz",
      "integrity": "sha512-dn5FyfSc4ky424jH4FntiHno7Ss5yLkqKNmM/NXwANRnlkmqu74pnGetexDFVG5phMk9/FhwovUZCWGxsotVKg=="
    },
    "big.js": {
      "version": "5.2.2",
      "resolved": "https://registry.npmjs.org/big.js/-/big.js-5.2.2.tgz",
      "integrity": "sha512-vyL2OymJxmarO8gxMr0mhChsO9QGwhynfuu4+MHTAW6czfq9humCB7rKpUjDd9YUiDPU4mzpyupFSvOClAwbmQ==",
      "dev": true
    },
    "bluebird": {
      "version": "3.7.2",
      "resolved": "https://registry.npmjs.org/bluebird/-/bluebird-3.7.2.tgz",
      "integrity": "sha512-XpNj6GDQzdfW+r2Wnn7xiSAd7TM3jzkxGXBGTtWKuSXv1xUV+azxAm8jdWZN06QTQk+2N2XB9jRDkvbmQmcRtg==",
      "dev": true
    },
    "colorette": {
      "version": "1.2.2",
      "resolved": "https://registry.npmjs.org/colorette/-/colorette-1.2.2.tgz",
      "integrity": "sha512-MKGMzyfeuutC/ZJ1cba9NqcNpfeqMUcYmyF1ZFY6/Cn7CNSAKx6a+s48sqLqyAiZuaP2TcqMhoo+dlwFnVxT9w==",
      "dev": true
    },
    "consolidate": {
      "version": "0.16.0",
      "resolved": "https://registry.npmjs.org/consolidate/-/consolidate-0.16.0.tgz",
      "integrity": "sha512-Nhl1wzCslqXYTJVDyJCu3ODohy9OfBMB5uD2BiBTzd7w+QY0lBzafkR8y8755yMYHAaMD4NuzbAw03/xzfw+eQ==",
      "dev": true,
      "requires": {
        "bluebird": "^3.7.2"
      }
    },
    "cssesc": {
      "version": "3.0.0",
      "resolved": "https://registry.npmjs.org/cssesc/-/cssesc-3.0.0.tgz",
      "integrity": "sha512-/Tb/JcjK111nNScGob5MNtsntNM1aCNUDipB/TkwZFhyDrrE47SOx/18wF2bbjgc3ZzCSKW1T5nt5EbFoAz/Vg==",
      "dev": true
    },
    "csstype": {
      "version": "2.6.16",
      "resolved": "https://registry.npmjs.org/csstype/-/csstype-2.6.16.tgz",
      "integrity": "sha512-61FBWoDHp/gRtsoDkq/B1nWrCUG/ok1E3tUrcNbZjsE9Cxd9yzUirjS3+nAATB8U4cTtaQmAHbNndoFz5L6C9Q=="
    },
    "earcut": {
      "version": "2.2.2",
      "resolved": "https://registry.npmjs.org/earcut/-/earcut-2.2.2.tgz",
      "integrity": "sha512-eZoZPPJcUHnfRZ0PjLvx2qBordSiO8ofC3vt+qACLM95u+4DovnbYNpQtJh0DNsWj8RnxrQytD4WA8gj5cRIaQ=="
    },
    "emojis-list": {
      "version": "3.0.0",
      "resolved": "https://registry.npmjs.org/emojis-list/-/emojis-list-3.0.0.tgz",
      "integrity": "sha512-/kyM18EfinwXZbno9FyUGeFh87KC8HRQBQGildHZbEuRyWFOmv1U10o9BBp8XVZDVNNuQKyIGIu5ZYAAXJ0V2Q==",
      "dev": true
    },
    "es6-promise-polyfill": {
      "version": "1.2.0",
      "resolved": "https://registry.npmjs.org/es6-promise-polyfill/-/es6-promise-polyfill-1.2.0.tgz",
      "integrity": "sha1-84kl8jyz4+jObNqP93T867sJDN4="
    },
    "esbuild": {
      "version": "0.8.54",
      "resolved": "https://registry.npmjs.org/esbuild/-/esbuild-0.8.54.tgz",
      "integrity": "sha512-DJH38OiTgXJxFb/EhHrCrY8eGmtdkTtWymHpN9IYN9AF+4jykT0dQArr7wzFejpVbaB0TMIq2+vfNRWr3LXpvw==",
      "dev": true
    },
    "estree-walker": {
      "version": "2.0.2",
      "resolved": "https://registry.npmjs.org/estree-walker/-/estree-walker-2.0.2.tgz",
      "integrity": "sha512-Rfkk/Mp/DL7JVje3u18FxFujQlTNR2q6QfMSMB7AvCBx91NGj/ba3kCfza0f6dVDbw7YlRf/nDrn7pQrCCyQ/w=="
    },
    "eventemitter3": {
      "version": "3.1.2",
      "resolved": "https://registry.npmjs.org/eventemitter3/-/eventemitter3-3.1.2.tgz",
      "integrity": "sha512-tvtQIeLVHjDkJYnzf2dgVMxfuSGJeM/7UCG17TT4EumTfNtF+0nebF/4zWOIkCreAbtNqhGEboB6BWrwqNaw4Q=="
    },
    "fsevents": {
      "version": "2.3.2",
      "resolved": "https://registry.npmjs.org/fsevents/-/fsevents-2.3.2.tgz",
      "integrity": "sha512-xiqMQR4xAeHTuB9uWm+fFRcIOgKBMiOBP+eXiyT7jsgVCq1bkVygt00oASowB7EdtpOHaaPgKt812P9ab+DDKA==",
      "dev": true,
      "optional": true
    },
    "function-bind": {
      "version": "1.1.1",
      "resolved": "https://registry.npmjs.org/function-bind/-/function-bind-1.1.1.tgz",
      "integrity": "sha512-yIovAzMX49sF8Yl58fSCWJ5svSLuaibPxXQJFLmBObTuCr0Mf1KiPopGM9NiFjiYBCbfaa2Fh6breQ6ANVTI0A==",
      "dev": true
    },
    "generic-names": {
      "version": "2.0.1",
      "resolved": "https://registry.npmjs.org/generic-names/-/generic-names-2.0.1.tgz",
      "integrity": "sha512-kPCHWa1m9wGG/OwQpeweTwM/PYiQLrUIxXbt/P4Nic3LbGjCP0YwrALHW1uNLKZ0LIMg+RF+XRlj2ekT9ZlZAQ==",
      "dev": true,
      "requires": {
        "loader-utils": "^1.1.0"
      }
    },
    "gsap": {
      "version": "3.6.0",
      "resolved": "https://registry.npmjs.org/gsap/-/gsap-3.6.0.tgz",
      "integrity": "sha512-0P3syv1TmYr+A/VZ8UMFzw+s0XoaKSzzDFs8NqkXiJTXI4E/VTi0zRjPgxaPBpiUPPycgRnFjLDe0Tb4dRRf+w=="
    },
    "has": {
      "version": "1.0.3",
      "resolved": "https://registry.npmjs.org/has/-/has-1.0.3.tgz",
      "integrity": "sha512-f2dvO0VU6Oej7RkWJGrehjbzMAjFp5/VKPp5tTpWIV4JHHZK1/BxbFRtf/siA2SWTe09caDmVtYYzWEIbBS4zw==",
      "dev": true,
      "requires": {
        "function-bind": "^1.1.1"
      }
    },
    "hash-sum": {
      "version": "2.0.0",
      "resolved": "https://registry.npmjs.org/hash-sum/-/hash-sum-2.0.0.tgz",
      "integrity": "sha512-WdZTbAByD+pHfl/g9QSsBIIwy8IT+EsPiKDs0KNX+zSHhdDLFKdZu0BQHljvO+0QI/BasbMSUa8wYNCZTvhslg==",
      "dev": true
    },
    "icss-replace-symbols": {
      "version": "1.1.0",
      "resolved": "https://registry.npmjs.org/icss-replace-symbols/-/icss-replace-symbols-1.1.0.tgz",
      "integrity": "sha1-Bupvg2ead0njhs/h/oEq5dsiPe0=",
      "dev": true
    },
    "icss-utils": {
      "version": "5.1.0",
      "resolved": "https://registry.npmjs.org/icss-utils/-/icss-utils-5.1.0.tgz",
      "integrity": "sha512-soFhflCVWLfRNOPU3iv5Z9VUdT44xFRbzjLsEzSr5AQmgqPMTHdU3PMT1Cf1ssx8fLNJDA1juftYl+PUcv3MqA==",
      "dev": true
    },
    "indexes-of": {
      "version": "1.0.1",
      "resolved": "https://registry.npmjs.org/indexes-of/-/indexes-of-1.0.1.tgz",
      "integrity": "sha1-8w9xbI4r00bHtn0985FVZqfAVgc=",
      "dev": true
    },
    "is-core-module": {
      "version": "2.2.0",
      "resolved": "https://registry.npmjs.org/is-core-module/-/is-core-module-2.2.0.tgz",
      "integrity": "sha512-XRAfAdyyY5F5cOXn7hYQDqh2Xmii+DEfIcQGxK/uNwMHhIkPWO0g8msXcbzLe+MpGoR951MlqM/2iIlU4vKDdQ==",
      "dev": true,
      "requires": {
        "has": "^1.0.3"
      }
    },
    "ismobilejs": {
      "version": "1.1.1",
      "resolved": "https://registry.npmjs.org/ismobilejs/-/ismobilejs-1.1.1.tgz",
      "integrity": "sha512-VaFW53yt8QO61k2WJui0dHf4SlL8lxBofUuUmwBo0ljPk0Drz2TiuDW4jo3wDcv41qy/SxrJ+VAzJ/qYqsmzRw=="
    },
    "json5": {
      "version": "1.0.1",
      "resolved": "https://registry.npmjs.org/json5/-/json5-1.0.1.tgz",
      "integrity": "sha512-aKS4WQjPenRxiQsC93MNfjx+nbF4PAdYzmd/1JIj8HYzqfbu86beTuNgXDzPknWk0n0uARlyewZo4s++ES36Ow==",
      "dev": true,
      "requires": {
        "minimist": "^1.2.0"
      }
    },
    "loader-utils": {
      "version": "1.4.0",
      "resolved": "https://registry.npmjs.org/loader-utils/-/loader-utils-1.4.0.tgz",
      "integrity": "sha512-qH0WSMBtn/oHuwjy/NucEgbx5dbxxnxup9s4PVXJUDHZBQY+s0NWA9rJf53RBnQZxfch7euUui7hpoAPvALZdA==",
      "dev": true,
      "requires": {
        "big.js": "^5.2.2",
        "emojis-list": "^3.0.0",
        "json5": "^1.0.1"
      }
    },
    "lodash": {
      "version": "4.17.21",
      "resolved": "https://registry.npmjs.org/lodash/-/lodash-4.17.21.tgz",
      "integrity": "sha512-v2kDEe57lecTulaDIuNTPy3Ry4gLGJ6Z1O3vE1krgXZNrsQ+LFTGHVxVjcXPs17LhbZVGedAJv8XZ1tvj5FvSg=="
    },
    "lodash.camelcase": {
      "version": "4.3.0",
      "resolved": "https://registry.npmjs.org/lodash.camelcase/-/lodash.camelcase-4.3.0.tgz",
      "integrity": "sha1-soqmKIorn8ZRA1x3EfZathkDMaY=",
      "dev": true
    },
    "lru-cache": {
      "version": "5.1.1",
      "resolved": "https://registry.npmjs.org/lru-cache/-/lru-cache-5.1.1.tgz",
      "integrity": "sha512-KpNARQA3Iwv+jTA0utUVVbrh+Jlrr1Fv0e56GGzAFOXN7dk/FviaDW8LHmK52DlcH4WP2n6gI8vN1aesBFgo9w==",
      "dev": true,
      "requires": {
        "yallist": "^3.0.2"
      }
    },
    "magic-string": {
      "version": "0.25.7",
      "resolved": "https://registry.npmjs.org/magic-string/-/magic-string-0.25.7.tgz",
      "integrity": "sha512-4CrMT5DOHTDk4HYDlzmwu4FVCcIYI8gauveasrdCu2IKIFOJ3f0v/8MDGJCDL9oD2ppz/Av1b0Nj345H9M+XIA==",
      "dev": true,
      "requires": {
        "sourcemap-codec": "^1.4.4"
      }
    },
    "merge-source-map": {
      "version": "1.1.0",
      "resolved": "https://registry.npmjs.org/merge-source-map/-/merge-source-map-1.1.0.tgz",
      "integrity": "sha512-Qkcp7P2ygktpMPh2mCQZaf3jhN6D3Z/qVZHSdWvQ+2Ef5HgRAPBO57A77+ENm0CPx2+1Ce/MYKi3ymqdfuqibw==",
      "dev": true,
      "requires": {
        "source-map": "^0.6.1"
      }
    },
    "mini-signals": {
      "version": "1.2.0",
      "resolved": "https://registry.npmjs.org/mini-signals/-/mini-signals-1.2.0.tgz",
      "integrity": "sha1-RbCAE8X65RokqhqTXNMXye1yHXQ="
    },
    "minimist": {
      "version": "1.2.5",
      "resolved": "https://registry.npmjs.org/minimist/-/minimist-1.2.5.tgz",
      "integrity": "sha512-FM9nNUYrRBAELZQT3xeZQ7fmMOBg6nWNmJKTcgsJeaLstP/UODVpGsr5OhXhhXg6f+qtJ8uiZ+PUxkDWcgIXLw==",
      "dev": true
    },
    "nanoid": {
      "version": "3.1.20",
      "resolved": "https://registry.npmjs.org/nanoid/-/nanoid-3.1.20.tgz",
      "integrity": "sha512-a1cQNyczgKbLX9jwbS/+d7W8fX/RfgYR7lVWwWOGIPNgK2m0MWvrGF6/m4kk6U3QcFMnZf3RIhL0v2Jgh/0Uxw==",
      "dev": true
    },
    "object-assign": {
      "version": "4.1.1",
      "resolved": "https://registry.npmjs.org/object-assign/-/object-assign-4.1.1.tgz",
      "integrity": "sha1-IQmtx5ZYh8/AXLvUQsrIv7s2CGM="
    },
    "parse-uri": {
      "version": "1.0.3",
      "resolved": "https://registry.npmjs.org/parse-uri/-/parse-uri-1.0.3.tgz",
      "integrity": "sha512-upMnGxNcm+45So85HoguwZTVZI9u11i36DdxJfGF2HYWS2eh3TIx7+/tTi7qrEq15qzGkVhsKjesau+kCk48pA=="
    },
    "path-parse": {
      "version": "1.0.6",
      "resolved": "https://registry.npmjs.org/path-parse/-/path-parse-1.0.6.tgz",
      "integrity": "sha512-GSmOT2EbHrINBf9SR7CDELwlJ8AENk3Qn7OikK4nFYAu3Ote2+JYNVvkpAEQm3/TLNEJFD/xZJjzyxg3KBWOzw==",
      "dev": true
    },
    "pixi.js": {
      "version": "5.3.8",
      "resolved": "https://registry.npmjs.org/pixi.js/-/pixi.js-5.3.8.tgz",
      "integrity": "sha512-kDqkWhuAkc42lD+ldVTaS439q7D7uo9FM/wCP26jUNAFlYAp75IcALEgXuBh6HEjp51enGkRvwX9+fIiA5F9ug==",
      "requires": {
        "@pixi/accessibility": "5.3.8",
        "@pixi/app": "5.3.8",
        "@pixi/constants": "5.3.8",
        "@pixi/core": "5.3.8",
        "@pixi/display": "5.3.8",
        "@pixi/extract": "5.3.8",
        "@pixi/filter-alpha": "5.3.8",
        "@pixi/filter-blur": "5.3.8",
        "@pixi/filter-color-matrix": "5.3.8",
        "@pixi/filter-displacement": "5.3.8",
        "@pixi/filter-fxaa": "5.3.8",
        "@pixi/filter-noise": "5.3.8",
        "@pixi/graphics": "5.3.8",
        "@pixi/interaction": "5.3.8",
        "@pixi/loaders": "5.3.8",
        "@pixi/math": "5.3.8",
        "@pixi/mesh": "5.3.8",
        "@pixi/mesh-extras": "5.3.8",
        "@pixi/mixin-cache-as-bitmap": "5.3.8",
        "@pixi/mixin-get-child-by-name": "5.3.8",
        "@pixi/mixin-get-global-position": "5.3.8",
        "@pixi/particles": "5.3.8",
        "@pixi/polyfill": "5.3.8",
        "@pixi/prepare": "5.3.8",
        "@pixi/runner": "5.3.8",
        "@pixi/settings": "5.3.8",
        "@pixi/sprite": "5.3.8",
        "@pixi/sprite-animated": "5.3.8",
        "@pixi/sprite-tiling": "5.3.8",
        "@pixi/spritesheet": "5.3.8",
        "@pixi/text": "5.3.8",
        "@pixi/text-bitmap": "5.3.8",
        "@pixi/ticker": "5.3.8",
        "@pixi/utils": "5.3.8"
      }
    },
    "postcss": {
      "version": "8.2.7",
      "resolved": "https://registry.npmjs.org/postcss/-/postcss-8.2.7.tgz",
      "integrity": "sha512-DsVLH3xJzut+VT+rYr0mtvOtpTjSyqDwPf5EZWXcb0uAKfitGpTY9Ec+afi2+TgdN8rWS9Cs88UDYehKo/RvOw==",
      "dev": true,
      "requires": {
        "colorette": "^1.2.2",
        "nanoid": "^3.1.20",
        "source-map": "^0.6.1"
      }
    },
    "postcss-modules": {
      "version": "4.0.0",
      "resolved": "https://registry.npmjs.org/postcss-modules/-/postcss-modules-4.0.0.tgz",
      "integrity": "sha512-ghS/ovDzDqARm4Zj6L2ntadjyQMoyJmi0JkLlYtH2QFLrvNlxH5OAVRPWPeKilB0pY7SbuhO173KOWkPAxRJcw==",
      "dev": true,
      "requires": {
        "generic-names": "^2.0.1",
        "icss-replace-symbols": "^1.1.0",
        "lodash.camelcase": "^4.3.0",
        "postcss-modules-extract-imports": "^3.0.0",
        "postcss-modules-local-by-default": "^4.0.0",
        "postcss-modules-scope": "^3.0.0",
        "postcss-modules-values": "^4.0.0",
        "string-hash": "^1.1.1"
      }
    },
    "postcss-modules-extract-imports": {
      "version": "3.0.0",
      "resolved": "https://registry.npmjs.org/postcss-modules-extract-imports/-/postcss-modules-extract-imports-3.0.0.tgz",
      "integrity": "sha512-bdHleFnP3kZ4NYDhuGlVK+CMrQ/pqUm8bx/oGL93K6gVwiclvX5x0n76fYMKuIGKzlABOy13zsvqjb0f92TEXw==",
      "dev": true
    },
    "postcss-modules-local-by-default": {
      "version": "4.0.0",
      "resolved": "https://registry.npmjs.org/postcss-modules-local-by-default/-/postcss-modules-local-by-default-4.0.0.tgz",
      "integrity": "sha512-sT7ihtmGSF9yhm6ggikHdV0hlziDTX7oFoXtuVWeDd3hHObNkcHRo9V3yg7vCAY7cONyxJC/XXCmmiHHcvX7bQ==",
      "dev": true,
      "requires": {
        "icss-utils": "^5.0.0",
        "postcss-selector-parser": "^6.0.2",
        "postcss-value-parser": "^4.1.0"
      }
    },
    "postcss-modules-scope": {
      "version": "3.0.0",
      "resolved": "https://registry.npmjs.org/postcss-modules-scope/-/postcss-modules-scope-3.0.0.tgz",
      "integrity": "sha512-hncihwFA2yPath8oZ15PZqvWGkWf+XUfQgUGamS4LqoP1anQLOsOJw0vr7J7IwLpoY9fatA2qiGUGmuZL0Iqlg==",
      "dev": true,
      "requires": {
        "postcss-selector-parser": "^6.0.4"
      }
    },
    "postcss-modules-values": {
      "version": "4.0.0",
      "resolved": "https://registry.npmjs.org/postcss-modules-values/-/postcss-modules-values-4.0.0.tgz",
      "integrity": "sha512-RDxHkAiEGI78gS2ofyvCsu7iycRv7oqw5xMWn9iMoR0N/7mf9D50ecQqUo5BZ9Zh2vH4bCUR/ktCqbB9m8vJjQ==",
      "dev": true,
      "requires": {
        "icss-utils": "^5.0.0"
      }
    },
    "postcss-selector-parser": {
      "version": "6.0.4",
      "resolved": "https://registry.npmjs.org/postcss-selector-parser/-/postcss-selector-parser-6.0.4.tgz",
      "integrity": "sha512-gjMeXBempyInaBqpp8gODmwZ52WaYsVOsfr4L4lDQ7n3ncD6mEyySiDtgzCT+NYC0mmeOLvtsF8iaEf0YT6dBw==",
      "dev": true,
      "requires": {
        "cssesc": "^3.0.0",
        "indexes-of": "^1.0.1",
        "uniq": "^1.0.1",
        "util-deprecate": "^1.0.2"
      }
    },
    "postcss-value-parser": {
      "version": "4.1.0",
      "resolved": "https://registry.npmjs.org/postcss-value-parser/-/postcss-value-parser-4.1.0.tgz",
      "integrity": "sha512-97DXOFbQJhk71ne5/Mt6cOu6yxsSfM0QGQyl0L25Gca4yGWEGJaig7l7gbCX623VqTBNGLRLaVUCnNkcedlRSQ==",
      "dev": true
    },
    "punycode": {
      "version": "1.3.2",
      "resolved": "https://registry.npmjs.org/punycode/-/punycode-1.3.2.tgz",
      "integrity": "sha1-llOgNvt8HuQjQvIyXM7v6jkmxI0="
    },
    "querystring": {
      "version": "0.2.0",
      "resolved": "https://registry.npmjs.org/querystring/-/querystring-0.2.0.tgz",
      "integrity": "sha1-sgmEkgO7Jd+CDadW50cAWHhSFiA="
    },
    "resolve": {
      "version": "1.20.0",
      "resolved": "https://registry.npmjs.org/resolve/-/resolve-1.20.0.tgz",
      "integrity": "sha512-wENBPt4ySzg4ybFQW2TT1zMQucPK95HSh/nq2CFTZVOGut2+pQvSsgtda4d26YrYcr067wjbmzOG8byDPBX63A==",
      "dev": true,
      "requires": {
        "is-core-module": "^2.2.0",
        "path-parse": "^1.0.6"
      }
    },
    "resource-loader": {
      "version": "3.0.1",
      "resolved": "https://registry.npmjs.org/resource-loader/-/resource-loader-3.0.1.tgz",
      "integrity": "sha512-fBuCRbEHdLCI1eglzQhUv9Rrdcmqkydr1r6uHE2cYHvRBrcLXeSmbE/qI/urFt8rPr/IGxir3BUwM5kUK8XoyA==",
      "requires": {
        "mini-signals": "^1.2.0",
        "parse-uri": "^1.0.0"
      }
    },
    "rollup": {
      "version": "2.40.0",
      "resolved": "https://registry.npmjs.org/rollup/-/rollup-2.40.0.tgz",
      "integrity": "sha512-WiOGAPbXoHu+TOz6hyYUxIksOwsY/21TRWoO593jgYt8mvYafYqQl+axaA8y1z2HFazNUUrsMSjahV2A6/2R9A==",
      "dev": true,
      "requires": {
        "fsevents": "~2.3.1"
      }
    },
    "source-map": {
      "version": "0.6.1",
      "resolved": "https://registry.npmjs.org/source-map/-/source-map-0.6.1.tgz",
      "integrity": "sha512-UjgapumWlbMhkBgzT7Ykc5YXUT46F0iKu8SGXq0bcwP5dz/h0Plj6enJqjz1Zbq2l5WaqYnrVbwWOWMyF3F47g=="
    },
    "sourcemap-codec": {
      "version": "1.4.8",
      "resolved": "https://registry.npmjs.org/sourcemap-codec/-/sourcemap-codec-1.4.8.tgz",
      "integrity": "sha512-9NykojV5Uih4lgo5So5dtw+f0JgJX30KCNI8gwhz2J9A15wD0Ml6tjHKwf6fTSa6fAdVBdZeNOs9eJ71qCk8vA==",
      "dev": true
    },
    "string-hash": {
      "version": "1.1.3",
      "resolved": "https://registry.npmjs.org/string-hash/-/string-hash-1.1.3.tgz",
      "integrity": "sha1-6Kr8CsGFW0Zmkp7X3RJ1311sgRs=",
      "dev": true
    },
    "to-fast-properties": {
      "version": "2.0.0",
      "resolved": "https://registry.npmjs.org/to-fast-properties/-/to-fast-properties-2.0.0.tgz",
      "integrity": "sha1-3F5pjL0HkmW8c+A3doGk5Og/YW4="
    },
    "uniq": {
      "version": "1.0.1",
      "resolved": "https://registry.npmjs.org/uniq/-/uniq-1.0.1.tgz",
      "integrity": "sha1-sxxa6CVIRKOoKBVBzisEuGWnNP8=",
      "dev": true
    },
    "url": {
      "version": "0.11.0",
      "resolved": "https://registry.npmjs.org/url/-/url-0.11.0.tgz",
      "integrity": "sha1-ODjpfPxgUh63PFJajlW/3Z4uKPE=",
      "requires": {
        "punycode": "1.3.2",
        "querystring": "0.2.0"
      }
    },
    "util-deprecate": {
      "version": "1.0.2",
      "resolved": "https://registry.npmjs.org/util-deprecate/-/util-deprecate-1.0.2.tgz",
      "integrity": "sha1-RQ1Nyfpw3nMnYvvS1KKJgUGaDM8=",
      "dev": true
    },
    "vite": {
      "version": "2.0.5",
      "resolved": "https://registry.npmjs.org/vite/-/vite-2.0.5.tgz",
      "integrity": "sha512-QTgEDbq1WsTtr6j+++ewjhBFEk6c8v0xz4fb/OWJQKNYU8ZZtphOshwOqAlnarSstPBtWCBR0tsugXx6ajfoUg==",
      "dev": true,
      "requires": {
        "esbuild": "^0.8.52",
        "fsevents": "~2.3.1",
        "postcss": "^8.2.1",
        "resolve": "^1.19.0",
        "rollup": "^2.38.5"
      }
    },
    "vue": {
      "version": "3.0.7",
      "resolved": "https://registry.npmjs.org/vue/-/vue-3.0.7.tgz",
      "integrity": "sha512-8h4TikD+JabbMK9aRlBO4laG0AtNHRPHynxYgWZ9sq1YUPfzynd9Jeeb27XNyZytC7aCQRX9xe1+TQJuc181Tw==",
      "requires": {
        "@vue/compiler-dom": "3.0.7",
        "@vue/runtime-dom": "3.0.7",
        "@vue/shared": "3.0.7"
      }
    },
    "yallist": {
      "version": "3.1.1",
      "resolved": "https://registry.npmjs.org/yallist/-/yallist-3.1.1.tgz",
      "integrity": "sha512-a4UGQaWPH59mOXUYnAG2ewncQS4i4F43Tv3JoAM+s2VDAmS9NsK8GpDMLrCHPksFT7h3K6TOoUNn2pb7RoXx4g==",
      "dev": true
    }
  }
}
